<?xml version="1.0" encoding="utf-8"?>
<Project ToolsVersion="4.0" xmlns="http://schemas.microsoft.com/developer/msbuild/2003">
  <ItemGroup>
    <Filter Include="Source Files">
      <UniqueIdentifier>{4FC737F1-C7A5-4376-A066-2A32D752A2FF}</UniqueIdentifier>
      <Extensions>cpp;c;cc;cxx;def;odl;idl;hpj;bat;asm;asmx</Extensions>
    </Filter>
    <Filter Include="Header Files">
      <UniqueIdentifier>{93995380-89BD-4b04-88EB-625FBE52EBFB}</UniqueIdentifier>
      <Extensions>h;hh;hpp;hxx;hm;inl;inc;ipp;xsd</Extensions>
    </Filter>
    <Filter Include="Resource Files">
      <UniqueIdentifier>{67DA6AB6-F800-4c08-8B7A-83BB121AAD01}</UniqueIdentifier>
      <Extensions>rc;ico;cur;bmp;dlg;rc2;rct;bin;rgs;gif;jpg;jpeg;jpe;resx;tiff;tif;png;wav;mfcribbon-ms</Extensions>
    </Filter>
  </ItemGroup>
  <ItemGroup>
    <ClInclude Include="utl_str.h">
      <Filter>Header Files</Filter>
    </ClInclude>
    <ClInclude Include="utl_file.h">
      <Filter>Header Files</Filter>
    </ClInclude>
    <ClInclude Include="utl_rand.h">
      <Filter>Header Files</Filter>
    </ClInclude>
    <ClInclude Include="utl_env.h">
      <Filter>Header Files</Filter>
    </ClInclude>
    <ClInclude Include="utl_mem.h">
      <Filter>Header Files</Filter>
    </ClInclude>
    <ClInclude Include="utl_type.h">
      <Filter>Header Files</Filter>
    </ClInclude>
    <ClInclude Include="utl_locale.h">
      <Filter>Header Files</Filter>
    </ClInclude>
    <ClInclude Include="utl_llist.h">
      <Filter>Header Files</Filter>
    </ClInclude>
    <ClInclude Include="utl_str_type.h">
      <Filter>Header Files</Filter>
    </ClInclude>
    <ClInclude Include="utl.h">
      <Filter>Header Files</Filter>
    </ClInclude>
    <ClInclude Include="utl_ini.h">
      <Filter>Header Files</Filter>
    </ClInclude>
    <ClInclude Include="utl_cmdln.h">
      <Filter>Header Files</Filter>
    </ClInclude>
    <ClInclude Include="utl_assert.h">
      <Filter>Header Files</Filter>
    </ClInclude>
    <ClInclude Include="utl_error.h">
      <Filter>Header Files</Filter>
    </ClInclude>
    <ClInclude Include="utl_asciigen.h">
      <Filter>Header Files</Filter>
    </ClInclude>
  </ItemGroup>
  <ItemGroup>
    <ClCompile Include="utl_locale.c">
      <Filter>Source Files</Filter>
    </ClCompile>
    <ClCompile Include="utl_mem.c">
      <Filter>Source Files</Filter>
    </ClCompile>
    <ClCompile Include="utl_rand.c">
      <Filter>Source Files</Filter>
    </ClCompile>
    <ClCompile Include="utl_str.c">
      <Filter>Source Files</Filter>
    </ClCompile>
    <ClCompile Include="utl_str_type.c">
      <Filter>Source Files</Filter>
    </ClCompile>
    <ClCompile Include="utl_type.c">
      <Filter>Source Files</Filter>
    </ClCompile>
    <ClCompile Include="utl_llist.c">
      <Filter>Source Files</Filter>
    </ClCompile>
    <ClCompile Include="utl_ini.c">
      <Filter>Source Files</Filter>
    </ClCompile>
    <ClCompile Include="utl_file.c">
      <Filter>Source Files</Filter>
    </ClCompile>
    <ClCompile Include="utl_env.c">
      <Filter>Source Files</Filter>
    </ClCompile>
    <ClCompile Include="utl_cmdln.c">
      <Filter>Source Files</Filter>
    </ClCompile>
    <ClCompile Include="utl_asciigen.c">
      <Filter>Source Files</Filter>
    </ClCompile>
  </ItemGroup>
</Project>